// !$*UTF8*$!
{
	archiveVersion = 1;
	classes = {
	};
	objectVersion = 50;
	objects = {

/* Begin PBXBuildFile section */
		31E94ABE2552830A0013D2AD /* AppDelegate.m in Sources */ = {isa = PBXBuildFile; fileRef = 31E94ABD2552830A0013D2AD /* AppDelegate.m */; };
		31E94AC12552830A0013D2AD /* SceneDelegate.m in Sources */ = {isa = PBXBuildFile; fileRef = 31E94AC02552830A0013D2AD /* SceneDelegate.m */; };
		31E94AC42552830A0013D2AD /* ViewController.m in Sources */ = {isa = PBXBuildFile; fileRef = 31E94AC32552830A0013D2AD /* ViewController.m */; };
		31E94AC72552830A0013D2AD /* Main.storyboard in Resources */ = {isa = PBXBuildFile; fileRef = 31E94AC52552830A0013D2AD /* Main.storyboard */; };
		31E94AC92552830C0013D2AD /* Assets.xcassets in Resources */ = {isa = PBXBuildFile; fileRef = 31E94AC82552830C0013D2AD /* Assets.xcassets */; };
		31E94ACC2552830C0013D2AD /* LaunchScreen.storyboard in Resources */ = {isa = PBXBuildFile; fileRef = 31E94ACA2552830C0013D2AD /* LaunchScreen.storyboard */; };
		31E94ACF2552830C0013D2AD /* main.m in Sources */ = {isa = PBXBuildFile; fileRef = 31E94ACE2552830C0013D2AD /* main.m */; };
		31E94AD92552830C0013D2AD /* HFBaseUtilDemoTests.m in Sources */ = {isa = PBXBuildFile; fileRef = 31E94AD82552830C0013D2AD /* HFBaseUtilDemoTests.m */; };
		31E94AE42552830C0013D2AD /* HFBaseUtilDemoUITests.m in Sources */ = {isa = PBXBuildFile; fileRef = 31E94AE32552830C0013D2AD /* HFBaseUtilDemoUITests.m */; };
		31E94B4B255284EC0013D2AD /* UIImage+ZXStretch.m in Sources */ = {isa = PBXBuildFile; fileRef = 31E94AF6255284EC0013D2AD /* UIImage+ZXStretch.m */; };
		31E94B4C255284EC0013D2AD /* UIImage+ZXCapture.m in Sources */ = {isa = PBXBuildFile; fileRef = 31E94AF7255284EC0013D2AD /* UIImage+ZXCapture.m */; };
		31E94B4D255284EC0013D2AD /* UIImage+ZXTransform.m in Sources */ = {isa = PBXBuildFile; fileRef = 31E94AF8255284EC0013D2AD /* UIImage+ZXTransform.m */; };
		31E94B4E255284EC0013D2AD /* UIImage+ZXFileName.m in Sources */ = {isa = PBXBuildFile; fileRef = 31E94AFA255284EC0013D2AD /* UIImage+ZXFileName.m */; };
		31E94B4F255284EC0013D2AD /* UIImage+ZXCompress.m in Sources */ = {isa = PBXBuildFile; fileRef = 31E94AFC255284EC0013D2AD /* UIImage+ZXCompress.m */; };
		31E94B50255284EC0013D2AD /* UIImage+ZXResize.m in Sources */ = {isa = PBXBuildFile; fileRef = 31E94AFE255284EC0013D2AD /* UIImage+ZXResize.m */; };
		31E94B51255284EC0013D2AD /* UIImage+ZXQRCode.m in Sources */ = {isa = PBXBuildFile; fileRef = 31E94AFF255284EC0013D2AD /* UIImage+ZXQRCode.m */; };
		31E94B52255284EC0013D2AD /* UIImage+ZXAlpha.m in Sources */ = {isa = PBXBuildFile; fileRef = 31E94B02255284EC0013D2AD /* UIImage+ZXAlpha.m */; };
		31E94B53255284EC0013D2AD /* UIImage+ZXRoundedCorner.m in Sources */ = {isa = PBXBuildFile; fileRef = 31E94B03255284EC0013D2AD /* UIImage+ZXRoundedCorner.m */; };
		31E94B54255284EC0013D2AD /* UIImage+ZXColor.m in Sources */ = {isa = PBXBuildFile; fileRef = 31E94B05255284EC0013D2AD /* UIImage+ZXColor.m */; };
		31E94B55255284EC0013D2AD /* UIImage+ZXOthers.m in Sources */ = {isa = PBXBuildFile; fileRef = 31E94B07255284EC0013D2AD /* UIImage+ZXOthers.m */; };
		31E94B56255284EC0013D2AD /* UITableViewCell+ZXNib.m in Sources */ = {isa = PBXBuildFile; fileRef = 31E94B0C255284EC0013D2AD /* UITableViewCell+ZXNib.m */; };
		31E94B57255284EC0013D2AD /* UIColor+ZXHEX.m in Sources */ = {isa = PBXBuildFile; fileRef = 31E94B11255284EC0013D2AD /* UIColor+ZXHEX.m */; };
		31E94B58255284EC0013D2AD /* UIColor+ZXRandom.m in Sources */ = {isa = PBXBuildFile; fileRef = 31E94B12255284EC0013D2AD /* UIColor+ZXRandom.m */; };
		31E94B59255284EC0013D2AD /* UIView+ZXLayout.m in Sources */ = {isa = PBXBuildFile; fileRef = 31E94B14255284EC0013D2AD /* UIView+ZXLayout.m */; };
		31E94B5A255284EC0013D2AD /* UIView+ZXNib.m in Sources */ = {isa = PBXBuildFile; fileRef = 31E94B18255284EC0013D2AD /* UIView+ZXNib.m */; };
		31E94B5B255284EC0013D2AD /* UIView+ZXBlockGesture.m in Sources */ = {isa = PBXBuildFile; fileRef = 31E94B19255284EC0013D2AD /* UIView+ZXBlockGesture.m */; };
		31E94B5C255284EC0013D2AD /* UIViewController+ZXStoryboard.m in Sources */ = {isa = PBXBuildFile; fileRef = 31E94B1B255284EC0013D2AD /* UIViewController+ZXStoryboard.m */; };
		31E94B5D255284EC0013D2AD /* UIViewController+ZXBackButtonTouched.m in Sources */ = {isa = PBXBuildFile; fileRef = 31E94B1D255284EC0013D2AD /* UIViewController+ZXBackButtonTouched.m */; };
		31E94B5E255284EC0013D2AD /* UINavigationController+ZXStackManager.m in Sources */ = {isa = PBXBuildFile; fileRef = 31E94B20255284EC0013D2AD /* UINavigationController+ZXStackManager.m */; };
		31E94B5F255284EC0013D2AD /* .gitkeep in Resources */ = {isa = PBXBuildFile; fileRef = 31E94B22255284EC0013D2AD /* .gitkeep */; };
		31E94B60255284EC0013D2AD /* NSFileManager+ZXPaths.m in Sources */ = {isa = PBXBuildFile; fileRef = 31E94B26255284EC0013D2AD /* NSFileManager+ZXPaths.m */; };
		31E94B61255284EC0013D2AD /* NSData+ZXGzip.m in Sources */ = {isa = PBXBuildFile; fileRef = 31E94B28255284EC0013D2AD /* NSData+ZXGzip.m */; };
		31E94B62255284EC0013D2AD /* NSData+ZXBase64.m in Sources */ = {isa = PBXBuildFile; fileRef = 31E94B2A255284EC0013D2AD /* NSData+ZXBase64.m */; };
		31E94B63255284EC0013D2AD /* NSData+ZXEncrypt.m in Sources */ = {isa = PBXBuildFile; fileRef = 31E94B2D255284EC0013D2AD /* NSData+ZXEncrypt.m */; };
		31E94B64255284EC0013D2AD /* NSData+ZXHash.m in Sources */ = {isa = PBXBuildFile; fileRef = 31E94B2E255284EC0013D2AD /* NSData+ZXHash.m */; };
		31E94B65255284EC0013D2AD /* NSString+ZXEmoji.m in Sources */ = {isa = PBXBuildFile; fileRef = 31E94B31255284EC0013D2AD /* NSString+ZXEmoji.m */; };
		31E94B66255284EC0013D2AD /* NSString+ZXPinyin.m in Sources */ = {isa = PBXBuildFile; fileRef = 31E94B32255284EC0013D2AD /* NSString+ZXPinyin.m */; };
		31E94B67255284EC0013D2AD /* NSString+ZXEncrypt.m in Sources */ = {isa = PBXBuildFile; fileRef = 31E94B34255284EC0013D2AD /* NSString+ZXEncrypt.m */; };
		31E94B68255284EC0013D2AD /* NSString+ZXHash.m in Sources */ = {isa = PBXBuildFile; fileRef = 31E94B35255284EC0013D2AD /* NSString+ZXHash.m */; };
		31E94B69255284EC0013D2AD /* NSString+ZXBase64.m in Sources */ = {isa = PBXBuildFile; fileRef = 31E94B37255284EC0013D2AD /* NSString+ZXBase64.m */; };
		31E94B6A255284EC0013D2AD /* NSString+ZXValid.m in Sources */ = {isa = PBXBuildFile; fileRef = 31E94B38255284EC0013D2AD /* NSString+ZXValid.m */; };
		31E94B6B255284EC0013D2AD /* NSString+ZXEncode.m in Sources */ = {isa = PBXBuildFile; fileRef = 31E94B3D255284EC0013D2AD /* NSString+ZXEncode.m */; };
		31E94B6C255284EC0013D2AD /* NSString+ZXSize.m in Sources */ = {isa = PBXBuildFile; fileRef = 31E94B3E255284EC0013D2AD /* NSString+ZXSize.m */; };
		31E94B6D255284EC0013D2AD /* NSArray+ZXJson.m in Sources */ = {isa = PBXBuildFile; fileRef = 31E94B42255284EC0013D2AD /* NSArray+ZXJson.m */; };
		31E94B6E255284EC0013D2AD /* NSArray+ZXEmpty.m in Sources */ = {isa = PBXBuildFile; fileRef = 31E94B44255284EC0013D2AD /* NSArray+ZXEmpty.m */; };
		31E94B6F255284EC0013D2AD /* NSDate+ZXExtension.m in Sources */ = {isa = PBXBuildFile; fileRef = 31E94B47255284EC0013D2AD /* NSDate+ZXExtension.m */; };
		31E94B70255284EC0013D2AD /* NSDate+ZXDateFormatter.m in Sources */ = {isa = PBXBuildFile; fileRef = 31E94B4A255284EC0013D2AD /* NSDate+ZXDateFormatter.m */; };
		559020F8BF0CF136BCC52B84 /* libPods-HFBaseUtilDemo.a in Frameworks */ = {isa = PBXBuildFile; fileRef = A172DCDE1BA700AF29641A00 /* libPods-HFBaseUtilDemo.a */; };
/* End PBXBuildFile section */

/* Begin PBXContainerItemProxy section */
		31E94AD52552830C0013D2AD /* PBXContainerItemProxy */ = {
			isa = PBXContainerItemProxy;
			containerPortal = 31E94AB12552830A0013D2AD /* Project object */;
			proxyType = 1;
			remoteGlobalIDString = 31E94AB82552830A0013D2AD;
			remoteInfo = HFBaseUtilDemo;
		};
		31E94AE02552830C0013D2AD /* PBXContainerItemProxy */ = {
			isa = PBXContainerItemProxy;
			containerPortal = 31E94AB12552830A0013D2AD /* Project object */;
			proxyType = 1;
			remoteGlobalIDString = 31E94AB82552830A0013D2AD;
			remoteInfo = HFBaseUtilDemo;
		};
/* End PBXContainerItemProxy section */

/* Begin PBXFileReference section */
		31E94AB92552830A0013D2AD /* HFBaseUtilDemo.app */ = {isa = PBXFileReference; explicitFileType = wrapper.application; includeInIndex = 0; path = HFBaseUtilDemo.app; sourceTree = BUILT_PRODUCTS_DIR; };
		31E94ABC2552830A0013D2AD /* AppDelegate.h */ = {isa = PBXFileReference; lastKnownFileType = sourcecode.c.h; path = AppDelegate.h; sourceTree = "<group>"; };
		31E94ABD2552830A0013D2AD /* AppDelegate.m */ = {isa = PBXFileReference; lastKnownFileType = sourcecode.c.objc; path = AppDelegate.m; sourceTree = "<group>"; };
		31E94ABF2552830A0013D2AD /* SceneDelegate.h */ = {isa = PBXFileReference; lastKnownFileType = sourcecode.c.h; path = SceneDelegate.h; sourceTree = "<group>"; };
		31E94AC02552830A0013D2AD /* SceneDelegate.m */ = {isa = PBXFileReference; lastKnownFileType = sourcecode.c.objc; path = SceneDelegate.m; sourceTree = "<group>"; };
		31E94AC22552830A0013D2AD /* ViewController.h */ = {isa = PBXFileReference; lastKnownFileType = sourcecode.c.h; path = ViewController.h; sourceTree = "<group>"; };
		31E94AC32552830A0013D2AD /* ViewController.m */ = {isa = PBXFileReference; lastKnownFileType = sourcecode.c.objc; path = ViewController.m; sourceTree = "<group>"; };
		31E94AC62552830A0013D2AD /* Base */ = {isa = PBXFileReference; lastKnownFileType = file.storyboard; name = Base; path = Base.lproj/Main.storyboard; sourceTree = "<group>"; };
		31E94AC82552830C0013D2AD /* Assets.xcassets */ = {isa = PBXFileReference; lastKnownFileType = folder.assetcatalog; path = Assets.xcassets; sourceTree = "<group>"; };
		31E94ACB2552830C0013D2AD /* Base */ = {isa = PBXFileReference; lastKnownFileType = file.storyboard; name = Base; path = Base.lproj/LaunchScreen.storyboard; sourceTree = "<group>"; };
		31E94ACD2552830C0013D2AD /* Info.plist */ = {isa = PBXFileReference; lastKnownFileType = text.plist.xml; path = Info.plist; sourceTree = "<group>"; };
		31E94ACE2552830C0013D2AD /* main.m */ = {isa = PBXFileReference; lastKnownFileType = sourcecode.c.objc; path = main.m; sourceTree = "<group>"; };
		31E94AD42552830C0013D2AD /* HFBaseUtilDemoTests.xctest */ = {isa = PBXFileReference; explicitFileType = wrapper.cfbundle; includeInIndex = 0; path = HFBaseUtilDemoTests.xctest; sourceTree = BUILT_PRODUCTS_DIR; };
		31E94AD82552830C0013D2AD /* HFBaseUtilDemoTests.m */ = {isa = PBXFileReference; lastKnownFileType = sourcecode.c.objc; path = HFBaseUtilDemoTests.m; sourceTree = "<group>"; };
		31E94ADA2552830C0013D2AD /* Info.plist */ = {isa = PBXFileReference; lastKnownFileType = text.plist.xml; path = Info.plist; sourceTree = "<group>"; };
		31E94ADF2552830C0013D2AD /* HFBaseUtilDemoUITests.xctest */ = {isa = PBXFileReference; explicitFileType = wrapper.cfbundle; includeInIndex = 0; path = HFBaseUtilDemoUITests.xctest; sourceTree = BUILT_PRODUCTS_DIR; };
		31E94AE32552830C0013D2AD /* HFBaseUtilDemoUITests.m */ = {isa = PBXFileReference; lastKnownFileType = sourcecode.c.objc; path = HFBaseUtilDemoUITests.m; sourceTree = "<group>"; };
		31E94AE52552830C0013D2AD /* Info.plist */ = {isa = PBXFileReference; lastKnownFileType = text.plist.xml; path = Info.plist; sourceTree = "<group>"; };
		31E94AF5255284EC0013D2AD /* UIImage+ZXAlpha.h */ = {isa = PBXFileReference; fileEncoding = 4; lastKnownFileType = sourcecode.c.h; path = "UIImage+ZXAlpha.h"; sourceTree = "<group>"; };
		31E94AF6255284EC0013D2AD /* UIImage+ZXStretch.m */ = {isa = PBXFileReference; fileEncoding = 4; lastKnownFileType = sourcecode.c.objc; path = "UIImage+ZXStretch.m"; sourceTree = "<group>"; };
		31E94AF7255284EC0013D2AD /* UIImage+ZXCapture.m */ = {isa = PBXFileReference; fileEncoding = 4; lastKnownFileType = sourcecode.c.objc; path = "UIImage+ZXCapture.m"; sourceTree = "<group>"; };
		31E94AF8255284EC0013D2AD /* UIImage+ZXTransform.m */ = {isa = PBXFileReference; fileEncoding = 4; lastKnownFileType = sourcecode.c.objc; path = "UIImage+ZXTransform.m"; sourceTree = "<group>"; };
		31E94AF9255284EC0013D2AD /* UIImage+ZXColor.h */ = {isa = PBXFileReference; fileEncoding = 4; lastKnownFileType = sourcecode.c.h; path = "UIImage+ZXColor.h"; sourceTree = "<group>"; };
		31E94AFA255284EC0013D2AD /* UIImage+ZXFileName.m */ = {isa = PBXFileReference; fileEncoding = 4; lastKnownFileType = sourcecode.c.objc; path = "UIImage+ZXFileName.m"; sourceTree = "<group>"; };
		31E94AFB255284EC0013D2AD /* UIImage+ZXRoundedCorner.h */ = {isa = PBXFileReference; fileEncoding = 4; lastKnownFileType = sourcecode.c.h; path = "UIImage+ZXRoundedCorner.h"; sourceTree = "<group>"; };
		31E94AFC255284EC0013D2AD /* UIImage+ZXCompress.m */ = {isa = PBXFileReference; fileEncoding = 4; lastKnownFileType = sourcecode.c.objc; path = "UIImage+ZXCompress.m"; sourceTree = "<group>"; };
		31E94AFD255284EC0013D2AD /* UIImage+ZXOthers.h */ = {isa = PBXFileReference; fileEncoding = 4; lastKnownFileType = sourcecode.c.h; path = "UIImage+ZXOthers.h"; sourceTree = "<group>"; };
		31E94AFE255284EC0013D2AD /* UIImage+ZXResize.m */ = {isa = PBXFileReference; fileEncoding = 4; lastKnownFileType = sourcecode.c.objc; path = "UIImage+ZXResize.m"; sourceTree = "<group>"; };
		31E94AFF255284EC0013D2AD /* UIImage+ZXQRCode.m */ = {isa = PBXFileReference; fileEncoding = 4; lastKnownFileType = sourcecode.c.objc; path = "UIImage+ZXQRCode.m"; sourceTree = "<group>"; };
		31E94B00255284EC0013D2AD /* UIImage+ZXCapture.h */ = {isa = PBXFileReference; fileEncoding = 4; lastKnownFileType = sourcecode.c.h; path = "UIImage+ZXCapture.h"; sourceTree = "<group>"; };
		31E94B01255284EC0013D2AD /* UIImage+ZXStretch.h */ = {isa = PBXFileReference; fileEncoding = 4; lastKnownFileType = sourcecode.c.h; path = "UIImage+ZXStretch.h"; sourceTree = "<group>"; };
		31E94B02255284EC0013D2AD /* UIImage+ZXAlpha.m */ = {isa = PBXFileReference; fileEncoding = 4; lastKnownFileType = sourcecode.c.objc; path = "UIImage+ZXAlpha.m"; sourceTree = "<group>"; };
		31E94B03255284EC0013D2AD /* UIImage+ZXRoundedCorner.m */ = {isa = PBXFileReference; fileEncoding = 4; lastKnownFileType = sourcecode.c.objc; path = "UIImage+ZXRoundedCorner.m"; sourceTree = "<group>"; };
		31E94B04255284EC0013D2AD /* UIImage+ZXFileName.h */ = {isa = PBXFileReference; fileEncoding = 4; lastKnownFileType = sourcecode.c.h; path = "UIImage+ZXFileName.h"; sourceTree = "<group>"; };
		31E94B05255284EC0013D2AD /* UIImage+ZXColor.m */ = {isa = PBXFileReference; fileEncoding = 4; lastKnownFileType = sourcecode.c.objc; path = "UIImage+ZXColor.m"; sourceTree = "<group>"; };
		31E94B06255284EC0013D2AD /* UIImage+ZXTransform.h */ = {isa = PBXFileReference; fileEncoding = 4; lastKnownFileType = sourcecode.c.h; path = "UIImage+ZXTransform.h"; sourceTree = "<group>"; };
		31E94B07255284EC0013D2AD /* UIImage+ZXOthers.m */ = {isa = PBXFileReference; fileEncoding = 4; lastKnownFileType = sourcecode.c.objc; path = "UIImage+ZXOthers.m"; sourceTree = "<group>"; };
		31E94B08255284EC0013D2AD /* UIImage+ZXCompress.h */ = {isa = PBXFileReference; fileEncoding = 4; lastKnownFileType = sourcecode.c.h; path = "UIImage+ZXCompress.h"; sourceTree = "<group>"; };
		31E94B09255284EC0013D2AD /* UIImage+ZXQRCode.h */ = {isa = PBXFileReference; fileEncoding = 4; lastKnownFileType = sourcecode.c.h; path = "UIImage+ZXQRCode.h"; sourceTree = "<group>"; };
		31E94B0A255284EC0013D2AD /* UIImage+ZXResize.h */ = {isa = PBXFileReference; fileEncoding = 4; lastKnownFileType = sourcecode.c.h; path = "UIImage+ZXResize.h"; sourceTree = "<group>"; };
		31E94B0C255284EC0013D2AD /* UITableViewCell+ZXNib.m */ = {isa = PBXFileReference; fileEncoding = 4; lastKnownFileType = sourcecode.c.objc; path = "UITableViewCell+ZXNib.m"; sourceTree = "<group>"; };
		31E94B0D255284EC0013D2AD /* UITableViewCell+ZXNib.h */ = {isa = PBXFileReference; fileEncoding = 4; lastKnownFileType = sourcecode.c.h; path = "UITableViewCell+ZXNib.h"; sourceTree = "<group>"; };
		31E94B0F255284EC0013D2AD /* UIColor+ZXHEX.h */ = {isa = PBXFileReference; fileEncoding = 4; lastKnownFileType = sourcecode.c.h; path = "UIColor+ZXHEX.h"; sourceTree = "<group>"; };
		31E94B10255284EC0013D2AD /* UIColor+ZXRandom.h */ = {isa = PBXFileReference; fileEncoding = 4; lastKnownFileType = sourcecode.c.h; path = "UIColor+ZXRandom.h"; sourceTree = "<group>"; };
		31E94B11255284EC0013D2AD /* UIColor+ZXHEX.m */ = {isa = PBXFileReference; fileEncoding = 4; lastKnownFileType = sourcecode.c.objc; path = "UIColor+ZXHEX.m"; sourceTree = "<group>"; };
		31E94B12255284EC0013D2AD /* UIColor+ZXRandom.m */ = {isa = PBXFileReference; fileEncoding = 4; lastKnownFileType = sourcecode.c.objc; path = "UIColor+ZXRandom.m"; sourceTree = "<group>"; };
		31E94B14255284EC0013D2AD /* UIView+ZXLayout.m */ = {isa = PBXFileReference; fileEncoding = 4; lastKnownFileType = sourcecode.c.objc; path = "UIView+ZXLayout.m"; sourceTree = "<group>"; };
		31E94B15255284EC0013D2AD /* UIView+ZXNib.h */ = {isa = PBXFileReference; fileEncoding = 4; lastKnownFileType = sourcecode.c.h; path = "UIView+ZXNib.h"; sourceTree = "<group>"; };
		31E94B16255284EC0013D2AD /* UIView+ZXBlockGesture.h */ = {isa = PBXFileReference; fileEncoding = 4; lastKnownFileType = sourcecode.c.h; path = "UIView+ZXBlockGesture.h"; sourceTree = "<group>"; };
		31E94B17255284EC0013D2AD /* UIView+ZXLayout.h */ = {isa = PBXFileReference; fileEncoding = 4; lastKnownFileType = sourcecode.c.h; path = "UIView+ZXLayout.h"; sourceTree = "<group>"; };
		31E94B18255284EC0013D2AD /* UIView+ZXNib.m */ = {isa = PBXFileReference; fileEncoding = 4; lastKnownFileType = sourcecode.c.objc; path = "UIView+ZXNib.m"; sourceTree = "<group>"; };
		31E94B19255284EC0013D2AD /* UIView+ZXBlockGesture.m */ = {isa = PBXFileReference; fileEncoding = 4; lastKnownFileType = sourcecode.c.objc; path = "UIView+ZXBlockGesture.m"; sourceTree = "<group>"; };
		31E94B1B255284EC0013D2AD /* UIViewController+ZXStoryboard.m */ = {isa = PBXFileReference; fileEncoding = 4; lastKnownFileType = sourcecode.c.objc; path = "UIViewController+ZXStoryboard.m"; sourceTree = "<group>"; };
		31E94B1C255284EC0013D2AD /* UIViewController+ZXBackButtonTouched.h */ = {isa = PBXFileReference; fileEncoding = 4; lastKnownFileType = sourcecode.c.h; path = "UIViewController+ZXBackButtonTouched.h"; sourceTree = "<group>"; };
		31E94B1D255284EC0013D2AD /* UIViewController+ZXBackButtonTouched.m */ = {isa = PBXFileReference; fileEncoding = 4; lastKnownFileType = sourcecode.c.objc; path = "UIViewController+ZXBackButtonTouched.m"; sourceTree = "<group>"; };
		31E94B1E255284EC0013D2AD /* UIViewController+ZXStoryboard.h */ = {isa = PBXFileReference; fileEncoding = 4; lastKnownFileType = sourcecode.c.h; path = "UIViewController+ZXStoryboard.h"; sourceTree = "<group>"; };
		31E94B20255284EC0013D2AD /* UINavigationController+ZXStackManager.m */ = {isa = PBXFileReference; fileEncoding = 4; lastKnownFileType = sourcecode.c.objc; path = "UINavigationController+ZXStackManager.m"; sourceTree = "<group>"; };
		31E94B21255284EC0013D2AD /* UINavigationController+ZXStackManager.h */ = {isa = PBXFileReference; fileEncoding = 4; lastKnownFileType = sourcecode.c.h; path = "UINavigationController+ZXStackManager.h"; sourceTree = "<group>"; };
		31E94B22255284EC0013D2AD /* .gitkeep */ = {isa = PBXFileReference; fileEncoding = 4; lastKnownFileType = text; path = .gitkeep; sourceTree = "<group>"; };
		31E94B25255284EC0013D2AD /* NSFileManager+ZXPaths.h */ = {isa = PBXFileReference; fileEncoding = 4; lastKnownFileType = sourcecode.c.h; path = "NSFileManager+ZXPaths.h"; sourceTree = "<group>"; };
		31E94B26255284EC0013D2AD /* NSFileManager+ZXPaths.m */ = {isa = PBXFileReference; fileEncoding = 4; lastKnownFileType = sourcecode.c.objc; path = "NSFileManager+ZXPaths.m"; sourceTree = "<group>"; };
		31E94B28255284EC0013D2AD /* NSData+ZXGzip.m */ = {isa = PBXFileReference; fileEncoding = 4; lastKnownFileType = sourcecode.c.objc; path = "NSData+ZXGzip.m"; sourceTree = "<group>"; };
		31E94B29255284EC0013D2AD /* NSData+ZXEncrypt.h */ = {isa = PBXFileReference; fileEncoding = 4; lastKnownFileType = sourcecode.c.h; path = "NSData+ZXEncrypt.h"; sourceTree = "<group>"; };
		31E94B2A255284EC0013D2AD /* NSData+ZXBase64.m */ = {isa = PBXFileReference; fileEncoding = 4; lastKnownFileType = sourcecode.c.objc; path = "NSData+ZXBase64.m"; sourceTree = "<group>"; };
		31E94B2B255284EC0013D2AD /* NSData+ZXHash.h */ = {isa = PBXFileReference; fileEncoding = 4; lastKnownFileType = sourcecode.c.h; path = "NSData+ZXHash.h"; sourceTree = "<group>"; };
		31E94B2C255284EC0013D2AD /* NSData+ZXGzip.h */ = {isa = PBXFileReference; fileEncoding = 4; lastKnownFileType = sourcecode.c.h; path = "NSData+ZXGzip.h"; sourceTree = "<group>"; };
		31E94B2D255284EC0013D2AD /* NSData+ZXEncrypt.m */ = {isa = PBXFileReference; fileEncoding = 4; lastKnownFileType = sourcecode.c.objc; path = "NSData+ZXEncrypt.m"; sourceTree = "<group>"; };
		31E94B2E255284EC0013D2AD /* NSData+ZXHash.m */ = {isa = PBXFileReference; fileEncoding = 4; lastKnownFileType = sourcecode.c.objc; path = "NSData+ZXHash.m"; sourceTree = "<group>"; };
		31E94B2F255284EC0013D2AD /* NSData+ZXBase64.h */ = {isa = PBXFileReference; fileEncoding = 4; lastKnownFileType = sourcecode.c.h; path = "NSData+ZXBase64.h"; sourceTree = "<group>"; };
		31E94B31255284EC0013D2AD /* NSString+ZXEmoji.m */ = {isa = PBXFileReference; fileEncoding = 4; lastKnownFileType = sourcecode.c.objc; path = "NSString+ZXEmoji.m"; sourceTree = "<group>"; };
		31E94B32255284EC0013D2AD /* NSString+ZXPinyin.m */ = {isa = PBXFileReference; fileEncoding = 4; lastKnownFileType = sourcecode.c.objc; path = "NSString+ZXPinyin.m"; sourceTree = "<group>"; };
		31E94B33255284EC0013D2AD /* NSString+ZXEncode.h */ = {isa = PBXFileReference; fileEncoding = 4; lastKnownFileType = sourcecode.c.h; path = "NSString+ZXEncode.h"; sourceTree = "<group>"; };
		31E94B34255284EC0013D2AD /* NSString+ZXEncrypt.m */ = {isa = PBXFileReference; fileEncoding = 4; lastKnownFileType = sourcecode.c.objc; path = "NSString+ZXEncrypt.m"; sourceTree = "<group>"; };
		31E94B35255284EC0013D2AD /* NSString+ZXHash.m */ = {isa = PBXFileReference; fileEncoding = 4; lastKnownFileType = sourcecode.c.objc; path = "NSString+ZXHash.m"; sourceTree = "<group>"; };
		31E94B36255284EC0013D2AD /* NSString+ZXSize.h */ = {isa = PBXFileReference; fileEncoding = 4; lastKnownFileType = sourcecode.c.h; path = "NSString+ZXSize.h"; sourceTree = "<group>"; };
		31E94B37255284EC0013D2AD /* NSString+ZXBase64.m */ = {isa = PBXFileReference; fileEncoding = 4; lastKnownFileType = sourcecode.c.objc; path = "NSString+ZXBase64.m"; sourceTree = "<group>"; };
		31E94B38255284EC0013D2AD /* NSString+ZXValid.m */ = {isa = PBXFileReference; fileEncoding = 4; lastKnownFileType = sourcecode.c.objc; path = "NSString+ZXValid.m"; sourceTree = "<group>"; };
		31E94B39255284EC0013D2AD /* NSString+ZXPinyin.h */ = {isa = PBXFileReference; fileEncoding = 4; lastKnownFileType = sourcecode.c.h; path = "NSString+ZXPinyin.h"; sourceTree = "<group>"; };
		31E94B3A255284EC0013D2AD /* NSString+ZXEmoji.h */ = {isa = PBXFileReference; fileEncoding = 4; lastKnownFileType = sourcecode.c.h; path = "NSString+ZXEmoji.h"; sourceTree = "<group>"; };
		31E94B3B255284EC0013D2AD /* NSString+ZXHash.h */ = {isa = PBXFileReference; fileEncoding = 4; lastKnownFileType = sourcecode.c.h; path = "NSString+ZXHash.h"; sourceTree = "<group>"; };
		31E94B3C255284EC0013D2AD /* NSString+ZXEncrypt.h */ = {isa = PBXFileReference; fileEncoding = 4; lastKnownFileType = sourcecode.c.h; path = "NSString+ZXEncrypt.h"; sourceTree = "<group>"; };
		31E94B3D255284EC0013D2AD /* NSString+ZXEncode.m */ = {isa = PBXFileReference; fileEncoding = 4; lastKnownFileType = sourcecode.c.objc; path = "NSString+ZXEncode.m"; sourceTree = "<group>"; };
		31E94B3E255284EC0013D2AD /* NSString+ZXSize.m */ = {isa = PBXFileReference; fileEncoding = 4; lastKnownFileType = sourcecode.c.objc; path = "NSString+ZXSize.m"; sourceTree = "<group>"; };
		31E94B3F255284EC0013D2AD /* NSString+ZXValid.h */ = {isa = PBXFileReference; fileEncoding = 4; lastKnownFileType = sourcecode.c.h; path = "NSString+ZXValid.h"; sourceTree = "<group>"; };
		31E94B40255284EC0013D2AD /* NSString+ZXBase64.h */ = {isa = PBXFileReference; fileEncoding = 4; lastKnownFileType = sourcecode.c.h; path = "NSString+ZXBase64.h"; sourceTree = "<group>"; };
		31E94B42255284EC0013D2AD /* NSArray+ZXJson.m */ = {isa = PBXFileReference; fileEncoding = 4; lastKnownFileType = sourcecode.c.objc; path = "NSArray+ZXJson.m"; sourceTree = "<group>"; };
		31E94B43255284EC0013D2AD /* NSArray+ZXEmpty.h */ = {isa = PBXFileReference; fileEncoding = 4; lastKnownFileType = sourcecode.c.h; path = "NSArray+ZXEmpty.h"; sourceTree = "<group>"; };
		31E94B44255284EC0013D2AD /* NSArray+ZXEmpty.m */ = {isa = PBXFileReference; fileEncoding = 4; lastKnownFileType = sourcecode.c.objc; path = "NSArray+ZXEmpty.m"; sourceTree = "<group>"; };
		31E94B45255284EC0013D2AD /* NSArray+ZXJson.h */ = {isa = PBXFileReference; fileEncoding = 4; lastKnownFileType = sourcecode.c.h; path = "NSArray+ZXJson.h"; sourceTree = "<group>"; };
		31E94B47255284EC0013D2AD /* NSDate+ZXExtension.m */ = {isa = PBXFileReference; fileEncoding = 4; lastKnownFileType = sourcecode.c.objc; path = "NSDate+ZXExtension.m"; sourceTree = "<group>"; };
		31E94B48255284EC0013D2AD /* NSDate+ZXDateFormatter.h */ = {isa = PBXFileReference; fileEncoding = 4; lastKnownFileType = sourcecode.c.h; path = "NSDate+ZXDateFormatter.h"; sourceTree = "<group>"; };
		31E94B49255284EC0013D2AD /* NSDate+ZXExtension.h */ = {isa = PBXFileReference; fileEncoding = 4; lastKnownFileType = sourcecode.c.h; path = "NSDate+ZXExtension.h"; sourceTree = "<group>"; };
		31E94B4A255284EC0013D2AD /* NSDate+ZXDateFormatter.m */ = {isa = PBXFileReference; fileEncoding = 4; lastKnownFileType = sourcecode.c.objc; path = "NSDate+ZXDateFormatter.m"; sourceTree = "<group>"; };
		44F7BF3ED0C529B474375DE3 /* Pods-HFBaseUtilDemo.release.xcconfig */ = {isa = PBXFileReference; includeInIndex = 1; lastKnownFileType = text.xcconfig; name = "Pods-HFBaseUtilDemo.release.xcconfig"; path = "Target Support Files/Pods-HFBaseUtilDemo/Pods-HFBaseUtilDemo.release.xcconfig"; sourceTree = "<group>"; };
		658518F5FBF27D1B526E724E /* Pods-HFBaseUtilDemo.debug.xcconfig */ = {isa = PBXFileReference; includeInIndex = 1; lastKnownFileType = text.xcconfig; name = "Pods-HFBaseUtilDemo.debug.xcconfig"; path = "Target Support Files/Pods-HFBaseUtilDemo/Pods-HFBaseUtilDemo.debug.xcconfig"; sourceTree = "<group>"; };
		A172DCDE1BA700AF29641A00 /* libPods-HFBaseUtilDemo.a */ = {isa = PBXFileReference; explicitFileType = archive.ar; includeInIndex = 0; path = "libPods-HFBaseUtilDemo.a"; sourceTree = BUILT_PRODUCTS_DIR; };
/* End PBXFileReference section */

/* Begin PBXFrameworksBuildPhase section */
		31E94AB62552830A0013D2AD /* Frameworks */ = {
			isa = PBXFrameworksBuildPhase;
			buildActionMask = 2147483647;
			files = (
				559020F8BF0CF136BCC52B84 /* libPods-HFBaseUtilDemo.a in Frameworks */,
			);
			runOnlyForDeploymentPostprocessing = 0;
		};
		31E94AD12552830C0013D2AD /* Frameworks */ = {
			isa = PBXFrameworksBuildPhase;
			buildActionMask = 2147483647;
			files = (
			);
			runOnlyForDeploymentPostprocessing = 0;
		};
		31E94ADC2552830C0013D2AD /* Frameworks */ = {
			isa = PBXFrameworksBuildPhase;
			buildActionMask = 2147483647;
			files = (
			);
			runOnlyForDeploymentPostprocessing = 0;
		};
/* End PBXFrameworksBuildPhase section */

/* Begin PBXGroup section */
		13D033D1E4097CD9EF761E2C /* Frameworks */ = {
			isa = PBXGroup;
			children = (
				A172DCDE1BA700AF29641A00 /* libPods-HFBaseUtilDemo.a */,
			);
			name = Frameworks;
			sourceTree = "<group>";
		};
		31E94AB02552830A0013D2AD = {
			isa = PBXGroup;
			children = (
				31E94ABB2552830A0013D2AD /* HFBaseUtilDemo */,
				31E94AD72552830C0013D2AD /* HFBaseUtilDemoTests */,
				31E94AE22552830C0013D2AD /* HFBaseUtilDemoUITests */,
				31E94ABA2552830A0013D2AD /* Products */,
				3CD886E5702224919549FCAB /* Pods */,
				13D033D1E4097CD9EF761E2C /* Frameworks */,
			);
			sourceTree = "<group>";
		};
		31E94ABA2552830A0013D2AD /* Products */ = {
			isa = PBXGroup;
			children = (
				31E94AB92552830A0013D2AD /* HFBaseUtilDemo.app */,
				31E94AD42552830C0013D2AD /* HFBaseUtilDemoTests.xctest */,
				31E94ADF2552830C0013D2AD /* HFBaseUtilDemoUITests.xctest */,
			);
			name = Products;
			sourceTree = "<group>";
		};
		31E94ABB2552830A0013D2AD /* HFBaseUtilDemo */ = {
			isa = PBXGroup;
			children = (
				31E94AF1255284EC0013D2AD /* HFBaseUtils */,
				31E94ABC2552830A0013D2AD /* AppDelegate.h */,
				31E94ABD2552830A0013D2AD /* AppDelegate.m */,
				31E94ABF2552830A0013D2AD /* SceneDelegate.h */,
				31E94AC02552830A0013D2AD /* SceneDelegate.m */,
				31E94AC22552830A0013D2AD /* ViewController.h */,
				31E94AC32552830A0013D2AD /* ViewController.m */,
				31E94AC52552830A0013D2AD /* Main.storyboard */,
				31E94AC82552830C0013D2AD /* Assets.xcassets */,
				31E94ACA2552830C0013D2AD /* LaunchScreen.storyboard */,
				31E94ACD2552830C0013D2AD /* Info.plist */,
				31E94ACE2552830C0013D2AD /* main.m */,
			);
			path = HFBaseUtilDemo;
			sourceTree = "<group>";
		};
		31E94AD72552830C0013D2AD /* HFBaseUtilDemoTests */ = {
			isa = PBXGroup;
			children = (
				31E94AD82552830C0013D2AD /* HFBaseUtilDemoTests.m */,
				31E94ADA2552830C0013D2AD /* Info.plist */,
			);
			path = HFBaseUtilDemoTests;
			sourceTree = "<group>";
		};
		31E94AE22552830C0013D2AD /* HFBaseUtilDemoUITests */ = {
			isa = PBXGroup;
			children = (
				31E94AE32552830C0013D2AD /* HFBaseUtilDemoUITests.m */,
				31E94AE52552830C0013D2AD /* Info.plist */,
			);
			path = HFBaseUtilDemoUITests;
			sourceTree = "<group>";
		};
		31E94AF1255284EC0013D2AD /* HFBaseUtils */ = {
			isa = PBXGroup;
			children = (
				31E94AF2255284EC0013D2AD /* Classes */,
			);
			name = HFBaseUtils;
			path = ../../HFBaseUtils;
			sourceTree = "<group>";
		};
		31E94AF2255284EC0013D2AD /* Classes */ = {
			isa = PBXGroup;
			children = (
				31E94AF3255284EC0013D2AD /* UIKit */,
				31E94B22255284EC0013D2AD /* .gitkeep */,
				31E94B23255284EC0013D2AD /* Foundation */,
			);
			path = Classes;
			sourceTree = "<group>";
		};
		31E94AF3255284EC0013D2AD /* UIKit */ = {
			isa = PBXGroup;
			children = (
				31E94AF4255284EC0013D2AD /* UIImage */,
				31E94B0B255284EC0013D2AD /* UITableViewCell */,
				31E94B0E255284EC0013D2AD /* UIColor */,
				31E94B13255284EC0013D2AD /* UIView */,
				31E94B1A255284EC0013D2AD /* UIViewController */,
				31E94B1F255284EC0013D2AD /* UINavigationController */,
			);
			path = UIKit;
			sourceTree = "<group>";
		};
		31E94AF4255284EC0013D2AD /* UIImage */ = {
			isa = PBXGroup;
			children = (
				31E94AF5255284EC0013D2AD /* UIImage+ZXAlpha.h */,
				31E94AF6255284EC0013D2AD /* UIImage+ZXStretch.m */,
				31E94AF7255284EC0013D2AD /* UIImage+ZXCapture.m */,
				31E94AF8255284EC0013D2AD /* UIImage+ZXTransform.m */,
				31E94AF9255284EC0013D2AD /* UIImage+ZXColor.h */,
				31E94AFA255284EC0013D2AD /* UIImage+ZXFileName.m */,
				31E94AFB255284EC0013D2AD /* UIImage+ZXRoundedCorner.h */,
				31E94AFC255284EC0013D2AD /* UIImage+ZXCompress.m */,
				31E94AFD255284EC0013D2AD /* UIImage+ZXOthers.h */,
				31E94AFE255284EC0013D2AD /* UIImage+ZXResize.m */,
				31E94AFF255284EC0013D2AD /* UIImage+ZXQRCode.m */,
				31E94B00255284EC0013D2AD /* UIImage+ZXCapture.h */,
				31E94B01255284EC0013D2AD /* UIImage+ZXStretch.h */,
				31E94B02255284EC0013D2AD /* UIImage+ZXAlpha.m */,
				31E94B03255284EC0013D2AD /* UIImage+ZXRoundedCorner.m */,
				31E94B04255284EC0013D2AD /* UIImage+ZXFileName.h */,
				31E94B05255284EC0013D2AD /* UIImage+ZXColor.m */,
				31E94B06255284EC0013D2AD /* UIImage+ZXTransform.h */,
				31E94B07255284EC0013D2AD /* UIImage+ZXOthers.m */,
				31E94B08255284EC0013D2AD /* UIImage+ZXCompress.h */,
				31E94B09255284EC0013D2AD /* UIImage+ZXQRCode.h */,
				31E94B0A255284EC0013D2AD /* UIImage+ZXResize.h */,
			);
			path = UIImage;
			sourceTree = "<group>";
		};
		31E94B0B255284EC0013D2AD /* UITableViewCell */ = {
			isa = PBXGroup;
			children = (
				31E94B0C255284EC0013D2AD /* UITableViewCell+ZXNib.m */,
				31E94B0D255284EC0013D2AD /* UITableViewCell+ZXNib.h */,
			);
			path = UITableViewCell;
			sourceTree = "<group>";
		};
		31E94B0E255284EC0013D2AD /* UIColor */ = {
			isa = PBXGroup;
			children = (
				31E94B0F255284EC0013D2AD /* UIColor+ZXHEX.h */,
				31E94B10255284EC0013D2AD /* UIColor+ZXRandom.h */,
				31E94B11255284EC0013D2AD /* UIColor+ZXHEX.m */,
				31E94B12255284EC0013D2AD /* UIColor+ZXRandom.m */,
			);
			path = UIColor;
			sourceTree = "<group>";
		};
		31E94B13255284EC0013D2AD /* UIView */ = {
			isa = PBXGroup;
			children = (
				31E94B14255284EC0013D2AD /* UIView+ZXLayout.m */,
				31E94B15255284EC0013D2AD /* UIView+ZXNib.h */,
				31E94B16255284EC0013D2AD /* UIView+ZXBlockGesture.h */,
				31E94B17255284EC0013D2AD /* UIView+ZXLayout.h */,
				31E94B18255284EC0013D2AD /* UIView+ZXNib.m */,
				31E94B19255284EC0013D2AD /* UIView+ZXBlockGesture.m */,
			);
			path = UIView;
			sourceTree = "<group>";
		};
		31E94B1A255284EC0013D2AD /* UIViewController */ = {
			isa = PBXGroup;
			children = (
				31E94B1B255284EC0013D2AD /* UIViewController+ZXStoryboard.m */,
				31E94B1C255284EC0013D2AD /* UIViewController+ZXBackButtonTouched.h */,
				31E94B1D255284EC0013D2AD /* UIViewController+ZXBackButtonTouched.m */,
				31E94B1E255284EC0013D2AD /* UIViewController+ZXStoryboard.h */,
			);
			path = UIViewController;
			sourceTree = "<group>";
		};
		31E94B1F255284EC0013D2AD /* UINavigationController */ = {
			isa = PBXGroup;
			children = (
				31E94B20255284EC0013D2AD /* UINavigationController+ZXStackManager.m */,
				31E94B21255284EC0013D2AD /* UINavigationController+ZXStackManager.h */,
			);
			path = UINavigationController;
			sourceTree = "<group>";
		};
		31E94B23255284EC0013D2AD /* Foundation */ = {
			isa = PBXGroup;
			children = (
				31E94B24255284EC0013D2AD /* NSFileManager */,
				31E94B27255284EC0013D2AD /* NSData */,
				31E94B30255284EC0013D2AD /* NSString */,
				31E94B41255284EC0013D2AD /* NSArray */,
				31E94B46255284EC0013D2AD /* NSDate */,
			);
			path = Foundation;
			sourceTree = "<group>";
		};
		31E94B24255284EC0013D2AD /* NSFileManager */ = {
			isa = PBXGroup;
			children = (
				31E94B25255284EC0013D2AD /* NSFileManager+ZXPaths.h */,
				31E94B26255284EC0013D2AD /* NSFileManager+ZXPaths.m */,
			);
			path = NSFileManager;
			sourceTree = "<group>";
		};
		31E94B27255284EC0013D2AD /* NSData */ = {
			isa = PBXGroup;
			children = (
				31E94B28255284EC0013D2AD /* NSData+ZXGzip.m */,
				31E94B29255284EC0013D2AD /* NSData+ZXEncrypt.h */,
				31E94B2A255284EC0013D2AD /* NSData+ZXBase64.m */,
				31E94B2B255284EC0013D2AD /* NSData+ZXHash.h */,
				31E94B2C255284EC0013D2AD /* NSData+ZXGzip.h */,
				31E94B2D255284EC0013D2AD /* NSData+ZXEncrypt.m */,
				31E94B2E255284EC0013D2AD /* NSData+ZXHash.m */,
				31E94B2F255284EC0013D2AD /* NSData+ZXBase64.h */,
			);
			path = NSData;
			sourceTree = "<group>";
		};
		31E94B30255284EC0013D2AD /* NSString */ = {
			isa = PBXGroup;
			children = (
				31E94B31255284EC0013D2AD /* NSString+ZXEmoji.m */,
				31E94B32255284EC0013D2AD /* NSString+ZXPinyin.m */,
				31E94B33255284EC0013D2AD /* NSString+ZXEncode.h */,
				31E94B34255284EC0013D2AD /* NSString+ZXEncrypt.m */,
				31E94B35255284EC0013D2AD /* NSString+ZXHash.m */,
				31E94B36255284EC0013D2AD /* NSString+ZXSize.h */,
				31E94B37255284EC0013D2AD /* NSString+ZXBase64.m */,
				31E94B38255284EC0013D2AD /* NSString+ZXValid.m */,
				31E94B39255284EC0013D2AD /* NSString+ZXPinyin.h */,
				31E94B3A255284EC0013D2AD /* NSString+ZXEmoji.h */,
				31E94B3B255284EC0013D2AD /* NSString+ZXHash.h */,
				31E94B3C255284EC0013D2AD /* NSString+ZXEncrypt.h */,
				31E94B3D255284EC0013D2AD /* NSString+ZXEncode.m */,
				31E94B3E255284EC0013D2AD /* NSString+ZXSize.m */,
				31E94B3F255284EC0013D2AD /* NSString+ZXValid.h */,
				31E94B40255284EC0013D2AD /* NSString+ZXBase64.h */,
			);
			path = NSString;
			sourceTree = "<group>";
		};
		31E94B41255284EC0013D2AD /* NSArray */ = {
			isa = PBXGroup;
			children = (
				31E94B42255284EC0013D2AD /* NSArray+ZXJson.m */,
				31E94B43255284EC0013D2AD /* NSArray+ZXEmpty.h */,
				31E94B44255284EC0013D2AD /* NSArray+ZXEmpty.m */,
				31E94B45255284EC0013D2AD /* NSArray+ZXJson.h */,
			);
			path = NSArray;
			sourceTree = "<group>";
		};
		31E94B46255284EC0013D2AD /* NSDate */ = {
			isa = PBXGroup;
			children = (
				31E94B47255284EC0013D2AD /* NSDate+ZXExtension.m */,
				31E94B48255284EC0013D2AD /* NSDate+ZXDateFormatter.h */,
				31E94B49255284EC0013D2AD /* NSDate+ZXExtension.h */,
				31E94B4A255284EC0013D2AD /* NSDate+ZXDateFormatter.m */,
			);
			path = NSDate;
			sourceTree = "<group>";
		};
		3CD886E5702224919549FCAB /* Pods */ = {
			isa = PBXGroup;
			children = (
				658518F5FBF27D1B526E724E /* Pods-HFBaseUtilDemo.debug.xcconfig */,
				44F7BF3ED0C529B474375DE3 /* Pods-HFBaseUtilDemo.release.xcconfig */,
			);
			name = Pods;
			path = Pods;
			sourceTree = "<group>";
		};
/* End PBXGroup section */

/* Begin PBXNativeTarget section */
		31E94AB82552830A0013D2AD /* HFBaseUtilDemo */ = {
			isa = PBXNativeTarget;
			buildConfigurationList = 31E94AE82552830C0013D2AD /* Build configuration list for PBXNativeTarget "HFBaseUtilDemo" */;
			buildPhases = (
				22133EF0D71A520D20D7A101 /* [CP] Check Pods Manifest.lock */,
				31E94AB52552830A0013D2AD /* Sources */,
				31E94AB62552830A0013D2AD /* Frameworks */,
				31E94AB72552830A0013D2AD /* Resources */,
			);
			buildRules = (
			);
			dependencies = (
			);
			name = HFBaseUtilDemo;
			productName = HFBaseUtilDemo;
			productReference = 31E94AB92552830A0013D2AD /* HFBaseUtilDemo.app */;
			productType = "com.apple.product-type.application";
		};
		31E94AD32552830C0013D2AD /* HFBaseUtilDemoTests */ = {
			isa = PBXNativeTarget;
			buildConfigurationList = 31E94AEB2552830C0013D2AD /* Build configuration list for PBXNativeTarget "HFBaseUtilDemoTests" */;
			buildPhases = (
				31E94AD02552830C0013D2AD /* Sources */,
				31E94AD12552830C0013D2AD /* Frameworks */,
				31E94AD22552830C0013D2AD /* Resources */,
			);
			buildRules = (
			);
			dependencies = (
				31E94AD62552830C0013D2AD /* PBXTargetDependency */,
			);
			name = HFBaseUtilDemoTests;
			productName = HFBaseUtilDemoTests;
			productReference = 31E94AD42552830C0013D2AD /* HFBaseUtilDemoTests.xctest */;
			productType = "com.apple.product-type.bundle.unit-test";
		};
		31E94ADE2552830C0013D2AD /* HFBaseUtilDemoUITests */ = {
			isa = PBXNativeTarget;
			buildConfigurationList = 31E94AEE2552830C0013D2AD /* Build configuration list for PBXNativeTarget "HFBaseUtilDemoUITests" */;
			buildPhases = (
				31E94ADB2552830C0013D2AD /* Sources */,
				31E94ADC2552830C0013D2AD /* Frameworks */,
				31E94ADD2552830C0013D2AD /* Resources */,
			);
			buildRules = (
			);
			dependencies = (
				31E94AE12552830C0013D2AD /* PBXTargetDependency */,
			);
			name = HFBaseUtilDemoUITests;
			productName = HFBaseUtilDemoUITests;
			productReference = 31E94ADF2552830C0013D2AD /* HFBaseUtilDemoUITests.xctest */;
			productType = "com.apple.product-type.bundle.ui-testing";
		};
/* End PBXNativeTarget section */

/* Begin PBXProject section */
		31E94AB12552830A0013D2AD /* Project object */ = {
			isa = PBXProject;
			attributes = {
				LastUpgradeCheck = 1110;
				ORGANIZATIONNAME = "TB-Mac-106";
				TargetAttributes = {
					31E94AB82552830A0013D2AD = {
						CreatedOnToolsVersion = 11.1;
					};
					31E94AD32552830C0013D2AD = {
						CreatedOnToolsVersion = 11.1;
						TestTargetID = 31E94AB82552830A0013D2AD;
					};
					31E94ADE2552830C0013D2AD = {
						CreatedOnToolsVersion = 11.1;
						TestTargetID = 31E94AB82552830A0013D2AD;
					};
				};
			};
			buildConfigurationList = 31E94AB42552830A0013D2AD /* Build configuration list for PBXProject "HFBaseUtilDemo" */;
			compatibilityVersion = "Xcode 9.3";
			developmentRegion = en;
			hasScannedForEncodings = 0;
			knownRegions = (
				en,
				Base,
			);
			mainGroup = 31E94AB02552830A0013D2AD;
			productRefGroup = 31E94ABA2552830A0013D2AD /* Products */;
			projectDirPath = "";
			projectRoot = "";
			targets = (
				31E94AB82552830A0013D2AD /* HFBaseUtilDemo */,
				31E94AD32552830C0013D2AD /* HFBaseUtilDemoTests */,
				31E94ADE2552830C0013D2AD /* HFBaseUtilDemoUITests */,
			);
		};
/* End PBXProject section */

/* Begin PBXResourcesBuildPhase section */
		31E94AB72552830A0013D2AD /* Resources */ = {
			isa = PBXResourcesBuildPhase;
			buildActionMask = 2147483647;
			files = (
				31E94ACC2552830C0013D2AD /* LaunchScreen.storyboard in Resources */,
				31E94AC92552830C0013D2AD /* Assets.xcassets in Resources */,
				31E94AC72552830A0013D2AD /* Main.storyboard in Resources */,
				31E94B5F255284EC0013D2AD /* .gitkeep in Resources */,
			);
			runOnlyForDeploymentPostprocessing = 0;
		};
		31E94AD22552830C0013D2AD /* Resources */ = {
			isa = PBXResourcesBuildPhase;
			buildActionMask = 2147483647;
			files = (
			);
			runOnlyForDeploymentPostprocessing = 0;
		};
		31E94ADD2552830C0013D2AD /* Resources */ = {
			isa = PBXResourcesBuildPhase;
			buildActionMask = 2147483647;
			files = (
			);
			runOnlyForDeploymentPostprocessing = 0;
		};
/* End PBXResourcesBuildPhase section */

/* Begin PBXShellScriptBuildPhase section */
		22133EF0D71A520D20D7A101 /* [CP] Check Pods Manifest.lock */ = {
			isa = PBXShellScriptBuildPhase;
			buildActionMask = 2147483647;
			files = (
			);
			inputFileListPaths = (
			);
			inputPaths = (
				"${PODS_PODFILE_DIR_PATH}/Podfile.lock",
				"${PODS_ROOT}/Manifest.lock",
			);
			name = "[CP] Check Pods Manifest.lock";
			outputFileListPaths = (
			);
			outputPaths = (
				"$(DERIVED_FILE_DIR)/Pods-HFBaseUtilDemo-checkManifestLockResult.txt",
			);
			runOnlyForDeploymentPostprocessing = 0;
			shellPath = /bin/sh;
			shellScript = "diff \"${PODS_PODFILE_DIR_PATH}/Podfile.lock\" \"${PODS_ROOT}/Manifest.lock\" > /dev/null\nif [ $? != 0 ] ; then\n    # print error to STDERR\n    echo \"error: The sandbox is not in sync with the Podfile.lock. Run 'pod install' or update your CocoaPods installation.\" >&2\n    exit 1\nfi\n# This output is used by Xcode 'outputs' to avoid re-running this script phase.\necho \"SUCCESS\" > \"${SCRIPT_OUTPUT_FILE_0}\"\n";
			showEnvVarsInLog = 0;
		};
/* End PBXShellScriptBuildPhase section */

/* Begin PBXSourcesBuildPhase section */
		31E94AB52552830A0013D2AD /* Sources */ = {
			isa = PBXSourcesBuildPhase;
			buildActionMask = 2147483647;
			files = (
				31E94B5D255284EC0013D2AD /* UIViewController+ZXBackButtonTouched.m in Sources */,
				31E94B4D255284EC0013D2AD /* UIImage+ZXTransform.m in Sources */,
				31E94B65255284EC0013D2AD /* NSString+ZXEmoji.m in Sources */,
				31E94B68255284EC0013D2AD /* NSString+ZXHash.m in Sources */,
				31E94B60255284EC0013D2AD /* NSFileManager+ZXPaths.m in Sources */,
				31E94B62255284EC0013D2AD /* NSData+ZXBase64.m in Sources */,
				31E94B5E255284EC0013D2AD /* UINavigationController+ZXStackManager.m in Sources */,
				31E94AC42552830A0013D2AD /* ViewController.m in Sources */,
				31E94B6F255284EC0013D2AD /* NSDate+ZXExtension.m in Sources */,
				31E94ABE2552830A0013D2AD /* AppDelegate.m in Sources */,
				31E94B61255284EC0013D2AD /* NSData+ZXGzip.m in Sources */,
				31E94B67255284EC0013D2AD /* NSString+ZXEncrypt.m in Sources */,
				31E94B5C255284EC0013D2AD /* UIViewController+ZXStoryboard.m in Sources */,
				31E94B69255284EC0013D2AD /* NSString+ZXBase64.m in Sources */,
				31E94B64255284EC0013D2AD /* NSData+ZXHash.m in Sources */,
				31E94B55255284EC0013D2AD /* UIImage+ZXOthers.m in Sources */,
				31E94ACF2552830C0013D2AD /* main.m in Sources */,
				31E94AC12552830A0013D2AD /* SceneDelegate.m in Sources */,
				31E94B54255284EC0013D2AD /* UIImage+ZXColor.m in Sources */,
				31E94B51255284EC0013D2AD /* UIImage+ZXQRCode.m in Sources */,
				31E94B63255284EC0013D2AD /* NSData+ZXEncrypt.m in Sources */,
				31E94B5A255284EC0013D2AD /* UIView+ZXNib.m in Sources */,
				31E94B66255284EC0013D2AD /* NSString+ZXPinyin.m in Sources */,
				31E94B50255284EC0013D2AD /* UIImage+ZXResize.m in Sources */,
				31E94B56255284EC0013D2AD /* UITableViewCell+ZXNib.m in Sources */,
				31E94B4C255284EC0013D2AD /* UIImage+ZXCapture.m in Sources */,
				31E94B52255284EC0013D2AD /* UIImage+ZXAlpha.m in Sources */,
				31E94B59255284EC0013D2AD /* UIView+ZXLayout.m in Sources */,
				31E94B6E255284EC0013D2AD /* NSArray+ZXEmpty.m in Sources */,
				31E94B4F255284EC0013D2AD /* UIImage+ZXCompress.m in Sources */,
				31E94B6D255284EC0013D2AD /* NSArray+ZXJson.m in Sources */,
				31E94B53255284EC0013D2AD /* UIImage+ZXRoundedCorner.m in Sources */,
				31E94B6B255284EC0013D2AD /* NSString+ZXEncode.m in Sources */,
				31E94B6C255284EC0013D2AD /* NSString+ZXSize.m in Sources */,
				31E94B57255284EC0013D2AD /* UIColor+ZXHEX.m in Sources */,
				31E94B4E255284EC0013D2AD /* UIImage+ZXFileName.m in Sources */,
				31E94B6A255284EC0013D2AD /* NSString+ZXValid.m in Sources */,
				31E94B58255284EC0013D2AD /* UIColor+ZXRandom.m in Sources */,
				31E94B70255284EC0013D2AD /* NSDate+ZXDateFormatter.m in Sources */,
				31E94B4B255284EC0013D2AD /* UIImage+ZXStretch.m in Sources */,
				31E94B5B255284EC0013D2AD /* UIView+ZXBlockGesture.m in Sources */,
			);
			runOnlyForDeploymentPostprocessing = 0;
		};
		31E94AD02552830C0013D2AD /* Sources */ = {
			isa = PBXSourcesBuildPhase;
			buildActionMask = 2147483647;
			files = (
				31E94AD92552830C0013D2AD /* HFBaseUtilDemoTests.m in Sources */,
			);
			runOnlyForDeploymentPostprocessing = 0;
		};
		31E94ADB2552830C0013D2AD /* Sources */ = {
			isa = PBXSourcesBuildPhase;
			buildActionMask = 2147483647;
			files = (
				31E94AE42552830C0013D2AD /* HFBaseUtilDemoUITests.m in Sources */,
			);
			runOnlyForDeploymentPostprocessing = 0;
		};
/* End PBXSourcesBuildPhase section */

/* Begin PBXTargetDependency section */
		31E94AD62552830C0013D2AD /* PBXTargetDependency */ = {
			isa = PBXTargetDependency;
			target = 31E94AB82552830A0013D2AD /* HFBaseUtilDemo */;
			targetProxy = 31E94AD52552830C0013D2AD /* PBXContainerItemProxy */;
		};
		31E94AE12552830C0013D2AD /* PBXTargetDependency */ = {
			isa = PBXTargetDependency;
			target = 31E94AB82552830A0013D2AD /* HFBaseUtilDemo */;
			targetProxy = 31E94AE02552830C0013D2AD /* PBXContainerItemProxy */;
		};
/* End PBXTargetDependency section */

/* Begin PBXVariantGroup section */
		31E94AC52552830A0013D2AD /* Main.storyboard */ = {
			isa = PBXVariantGroup;
			children = (
				31E94AC62552830A0013D2AD /* Base */,
			);
			name = Main.storyboard;
			sourceTree = "<group>";
		};
		31E94ACA2552830C0013D2AD /* LaunchScreen.storyboard */ = {
			isa = PBXVariantGroup;
			children = (
				31E94ACB2552830C0013D2AD /* Base */,
			);
			name = LaunchScreen.storyboard;
			sourceTree = "<group>";
		};
/* End PBXVariantGroup section */

/* Begin XCBuildConfiguration section */
		31E94AE62552830C0013D2AD /* Debug */ = {
			isa = XCBuildConfiguration;
			buildSettings = {
				ALWAYS_SEARCH_USER_PATHS = NO;
				CLANG_ANALYZER_NONNULL = YES;
				CLANG_ANALYZER_NUMBER_OBJECT_CONVERSION = YES_AGGRESSIVE;
				CLANG_CXX_LANGUAGE_STANDARD = "gnu++14";
				CLANG_CXX_LIBRARY = "libc++";
				CLANG_ENABLE_MODULES = YES;
				CLANG_ENABLE_OBJC_ARC = YES;
				CLANG_ENABLE_OBJC_WEAK = YES;
				CLANG_WARN_BLOCK_CAPTURE_AUTORELEASING = YES;
				CLANG_WARN_BOOL_CONVERSION = YES;
				CLANG_WARN_COMMA = YES;
				CLANG_WARN_CONSTANT_CONVERSION = YES;
				CLANG_WARN_DEPRECATED_OBJC_IMPLEMENTATIONS = YES;
				CLANG_WARN_DIRECT_OBJC_ISA_USAGE = YES_ERROR;
				CLANG_WARN_DOCUMENTATION_COMMENTS = YES;
				CLANG_WARN_EMPTY_BODY = YES;
				CLANG_WARN_ENUM_CONVERSION = YES;
				CLANG_WARN_INFINITE_RECURSION = YES;
				CLANG_WARN_INT_CONVERSION = YES;
				CLANG_WARN_NON_LITERAL_NULL_CONVERSION = YES;
				CLANG_WARN_OBJC_IMPLICIT_RETAIN_SELF = YES;
				CLANG_WARN_OBJC_LITERAL_CONVERSION = YES;
				CLANG_WARN_OBJC_ROOT_CLASS = YES_ERROR;
				CLANG_WARN_RANGE_LOOP_ANALYSIS = YES;
				CLANG_WARN_STRICT_PROTOTYPES = YES;
				CLANG_WARN_SUSPICIOUS_MOVE = YES;
				CLANG_WARN_UNGUARDED_AVAILABILITY = YES_AGGRESSIVE;
				CLANG_WARN_UNREACHABLE_CODE = YES;
				CLANG_WARN__DUPLICATE_METHOD_MATCH = YES;
				COPY_PHASE_STRIP = NO;
				DEBUG_INFORMATION_FORMAT = dwarf;
				ENABLE_STRICT_OBJC_MSGSEND = YES;
				ENABLE_TESTABILITY = YES;
				GCC_C_LANGUAGE_STANDARD = gnu11;
				GCC_DYNAMIC_NO_PIC = NO;
				GCC_NO_COMMON_BLOCKS = YES;
				GCC_OPTIMIZATION_LEVEL = 0;
				GCC_PREPROCESSOR_DEFINITIONS = (
					"DEBUG=1",
					"$(inherited)",
				);
				GCC_WARN_64_TO_32_BIT_CONVERSION = YES;
				GCC_WARN_ABOUT_RETURN_TYPE = YES_ERROR;
				GCC_WARN_UNDECLARED_SELECTOR = YES;
				GCC_WARN_UNINITIALIZED_AUTOS = YES_AGGRESSIVE;
				GCC_WARN_UNUSED_FUNCTION = YES;
				GCC_WARN_UNUSED_VARIABLE = YES;
				IPHONEOS_DEPLOYMENT_TARGET = 13.1;
				MTL_ENABLE_DEBUG_INFO = INCLUDE_SOURCE;
				MTL_FAST_MATH = YES;
				ONLY_ACTIVE_ARCH = YES;
				SDKROOT = iphoneos;
			};
			name = Debug;
		};
		31E94AE72552830C0013D2AD /* Release */ = {
			isa = XCBuildConfiguration;
			buildSettings = {
				ALWAYS_SEARCH_USER_PATHS = NO;
				CLANG_ANALYZER_NONNULL = YES;
				CLANG_ANALYZER_NUMBER_OBJECT_CONVERSION = YES_AGGRESSIVE;
				CLANG_CXX_LANGUAGE_STANDARD = "gnu++14";
				CLANG_CXX_LIBRARY = "libc++";
				CLANG_ENABLE_MODULES = YES;
				CLANG_ENABLE_OBJC_ARC = YES;
				CLANG_ENABLE_OBJC_WEAK = YES;
				CLANG_WARN_BLOCK_CAPTURE_AUTORELEASING = YES;
				CLANG_WARN_BOOL_CONVERSION = YES;
				CLANG_WARN_COMMA = YES;
				CLANG_WARN_CONSTANT_CONVERSION = YES;
				CLANG_WARN_DEPRECATED_OBJC_IMPLEMENTATIONS = YES;
				CLANG_WARN_DIRECT_OBJC_ISA_USAGE = YES_ERROR;
				CLANG_WARN_DOCUMENTATION_COMMENTS = YES;
				CLANG_WARN_EMPTY_BODY = YES;
				CLANG_WARN_ENUM_CONVERSION = YES;
				CLANG_WARN_INFINITE_RECURSION = YES;
				CLANG_WARN_INT_CONVERSION = YES;
				CLANG_WARN_NON_LITERAL_NULL_CONVERSION = YES;
				CLANG_WARN_OBJC_IMPLICIT_RETAIN_SELF = YES;
				CLANG_WARN_OBJC_LITERAL_CONVERSION = YES;
				CLANG_WARN_OBJC_ROOT_CLASS = YES_ERROR;
				CLANG_WARN_RANGE_LOOP_ANALYSIS = YES;
				CLANG_WARN_STRICT_PROTOTYPES = YES;
				CLANG_WARN_SUSPICIOUS_MOVE = YES;
				CLANG_WARN_UNGUARDED_AVAILABILITY = YES_AGGRESSIVE;
				CLANG_WARN_UNREACHABLE_CODE = YES;
				CLANG_WARN__DUPLICATE_METHOD_MATCH = YES;
				COPY_PHASE_STRIP = NO;
				DEBUG_INFORMATION_FORMAT = "dwarf-with-dsym";
				ENABLE_NS_ASSERTIONS = NO;
				ENABLE_STRICT_OBJC_MSGSEND = YES;
				GCC_C_LANGUAGE_STANDARD = gnu11;
				GCC_NO_COMMON_BLOCKS = YES;
				GCC_WARN_64_TO_32_BIT_CONVERSION = YES;
				GCC_WARN_ABOUT_RETURN_TYPE = YES_ERROR;
				GCC_WARN_UNDECLARED_SELECTOR = YES;
				GCC_WARN_UNINITIALIZED_AUTOS = YES_AGGRESSIVE;
				GCC_WARN_UNUSED_FUNCTION = YES;
				GCC_WARN_UNUSED_VARIABLE = YES;
				IPHONEOS_DEPLOYMENT_TARGET = 13.1;
				MTL_ENABLE_DEBUG_INFO = NO;
				MTL_FAST_MATH = YES;
				SDKROOT = iphoneos;
				VALIDATE_PRODUCT = YES;
			};
			name = Release;
		};
		31E94AE92552830C0013D2AD /* Debug */ = {
			isa = XCBuildConfiguration;
			baseConfigurationReference = 658518F5FBF27D1B526E724E /* Pods-HFBaseUtilDemo.debug.xcconfig */;
			buildSettings = {
				ASSETCATALOG_COMPILER_APPICON_NAME = AppIcon;
				CODE_SIGN_STYLE = Automatic;
				DEVELOPMENT_TEAM = 5GGVZM3C7J;
				INFOPLIST_FILE = HFBaseUtilDemo/Info.plist;
				IPHONEOS_DEPLOYMENT_TARGET = 10.0;
				LD_RUNPATH_SEARCH_PATHS = (
					"$(inherited)",
					"@executable_path/Frameworks",
				);
				PRODUCT_BUNDLE_IDENTIFIER = huangpy.HFBaseUtilDemo;
				PRODUCT_NAME = "$(TARGET_NAME)";
				TARGETED_DEVICE_FAMILY = "1,2";
			};
			name = Debug;
		};
		31E94AEA2552830C0013D2AD /* Release */ = {
			isa = XCBuildConfiguration;
			baseConfigurationReference = 44F7BF3ED0C529B474375DE3 /* Pods-HFBaseUtilDemo.release.xcconfig */;
			buildSettings = {
				ASSETCATALOG_COMPILER_APPICON_NAME = AppIcon;
				CODE_SIGN_STYLE = Automatic;
				DEVELOPMENT_TEAM = 5GGVZM3C7J;
				INFOPLIST_FILE = HFBaseUtilDemo/Info.plist;
				IPHONEOS_DEPLOYMENT_TARGET = 10.0;
				LD_RUNPATH_SEARCH_PATHS = (
					"$(inherited)",
					"@executable_path/Frameworks",
				);
				PRODUCT_BUNDLE_IDENTIFIER = huangpy.HFBaseUtilDemo;
				PRODUCT_NAME = "$(TARGET_NAME)";
				TARGETED_DEVICE_FAMILY = "1,2";
			};
			name = Release;
		};
		31E94AEC2552830C0013D2AD /* Debug */ = {
			isa = XCBuildConfiguration;
			buildSettings = {
				BUNDLE_LOADER = "$(TEST_HOST)";
				CODE_SIGN_STYLE = Automatic;
				DEVELOPMENT_TEAM = 29H672NX3G;
				INFOPLIST_FILE = HFBaseUtilDemoTests/Info.plist;
				IPHONEOS_DEPLOYMENT_TARGET = 13.1;
				LD_RUNPATH_SEARCH_PATHS = (
					"$(inherited)",
					"@executable_path/Frameworks",
					"@loader_path/Frameworks",
				);
				PRODUCT_BUNDLE_IDENTIFIER = huangpy.HFBaseUtilDemoTests;
				PRODUCT_NAME = "$(TARGET_NAME)";
				TARGETED_DEVICE_FAMILY = "1,2";
				TEST_HOST = "$(BUILT_PRODUCTS_DIR)/HFBaseUtilDemo.app/HFBaseUtilDemo";
			};
			name = Debug;
		};
		31E94AED2552830C0013D2AD /* Release */ = {
			isa = XCBuildConfiguration;
			buildSettings = {
				BUNDLE_LOADER = "$(TEST_HOST)";
				CODE_SIGN_STYLE = Automatic;
				DEVELOPMENT_TEAM = 29H672NX3G;
				INFOPLIST_FILE = HFBaseUtilDemoTests/Info.plist;
				IPHONEOS_DEPLOYMENT_TARGET = 13.1;
				LD_RUNPATH_SEARCH_PATHS = (
					"$(inherited)",
					"@executable_path/Frameworks",
					"@loader_path/Frameworks",
				);
				PRODUCT_BUNDLE_IDENTIFIER = huangpy.HFBaseUtilDemoTests;
				PRODUCT_NAME = "$(TARGET_NAME)";
				TARGETED_DEVICE_FAMILY = "1,2";
				TEST_HOST = "$(BUILT_PRODUCTS_DIR)/HFBaseUtilDemo.app/HFBaseUtilDemo";
			};
			name = Release;
		};
		31E94AEF2552830C0013D2AD /* Debug */ = {
			isa = XCBuildConfiguration;
			buildSettings = {
				CODE_SIGN_STYLE = Automatic;
				DEVELOPMENT_TEAM = 29H672NX3G;
				INFOPLIST_FILE = HFBaseUtilDemoUITests/Info.plist;
				LD_RUNPATH_SEARCH_PATHS = (
					"$(inherited)",
					"@executable_path/Frameworks",
					"@loader_path/Frameworks",
				);
				PRODUCT_BUNDLE_IDENTIFIER = huangpy.HFBaseUtilDemoUITests;
				PRODUCT_NAME = "$(TARGET_NAME)";
				TARGETED_DEVICE_FAMILY = "1,2";
				TEST_TARGET_NAME = HFBaseUtilDemo;
			};
			name = Debug;
		};
		31E94AF02552830C0013D2AD /* Release */ = {
			isa = XCBuildConfiguration;
			buildSettings = {
				CODE_SIGN_STYLE = Automatic;
				DEVELOPMENT_TEAM = 29H672NX3G;
				INFOPLIST_FILE = HFBaseUtilDemoUITests/Info.plist;
				LD_RUNPATH_SEARCH_PATHS = (
					"$(inherited)",
					"@executable_path/Frameworks",
					"@loader_path/Frameworks",
				);
				PRODUCT_BUNDLE_IDENTIFIER = huangpy.HFBaseUtilDemoUITests;
				PRODUCT_NAME = "$(TARGET_NAME)";
				TARGETED_DEVICE_FAMILY = "1,2";
				TEST_TARGET_NAME = HFBaseUtilDemo;
			};
			name = Release;
		};
/* End XCBuildConfiguration section */

/* Begin XCConfigurationList section */
		31E94AB42552830A0013D2AD /* Build configuration list for PBXProject "HFBaseUtilDemo" */ = {
			isa = XCConfigurationList;
			buildConfigurations = (
				31E94AE62552830C0013D2AD /* Debug */,
				31E94AE72552830C0013D2AD /* Release */,
			);
			defaultConfigurationIsVisible = 0;
			defaultConfigurationName = Release;
		};
		31E94AE82552830C0013D2AD /* Build configuration list for PBXNativeTarget "HFBaseUtilDemo" */ = {
			isa = XCConfigurationList;
			buildConfigurations = (
				31E94AE92552830C0013D2AD /* Debug */,
				31E94AEA2552830C0013D2AD /* Release */,
			);
			defaultConfigurationIsVisible = 0;
			defaultConfigurationName = Release;
		};
		31E94AEB2552830C0013D2AD /* Build configuration list for PBXNativeTarget "HFBaseUtilDemoTests" */ = {
			isa = XCConfigurationList;
			buildConfigurations = (
				31E94AEC2552830C0013D2AD /* Debug */,
				31E94AED2552830C0013D2AD /* Release */,
			);
			defaultConfigurationIsVisible = 0;
			defaultConfigurationName = Release;
		};
		31E94AEE2552830C0013D2AD /* Build configuration list for PBXNativeTarget "HFBaseUtilDemoUITests" */ = {
			isa = XCConfigurationList;
			buildConfigurations = (
				31E94AEF2552830C0013D2AD /* Debug */,
				31E94AF02552830C0013D2AD /* Release */,
			);
			defaultConfigurationIsVisible = 0;
			defaultConfigurationName = Release;
		};
/* End XCConfigurationList section */
	};
	rootObject = 31E94AB12552830A0013D2AD /* Project object */;
}
